
Microsoft Visual Studio Solution File, Format Version 12.00
# Visual Studio Version 17
VisualStudioVersion = 17.11.35303.130
MinimumVisualStudioVersion = 10.0.40219.1
Project("{FAE04EC0-301F-11D3-BF4B-00C04F79EFBC}") = "AM.UI.Console", "AM.UI.Console\AM.UI.Console.csproj", "{61F8E670-00E3-41F0-921E-4E41A6287AD7}"
EndProject
Project("{FAE04EC0-301F-11D3-BF4B-00C04F79EFBC}") = "AM.ApplicationCore", "AM.ApplicationCore\AM.ApplicationCore.csproj", "{788CF61F-8B0C-4778-9562-F829FF21EC79}"
EndProject
Global
	GlobalSection(SolutionConfigurationPlatforms) = preSolution
		Debug|Any CPU = Debug|Any CPU
		Release|Any CPU = Release|Any CPU
	EndGlobalSection
	GlobalSection(ProjectConfigurationPlatforms) = postSolution
		{61F8E670-00E3-41F0-921E-4E41A6287AD7}.Debug|Any CPU.ActiveCfg = Debug|Any CPU
		{61F8E670-00E3-41F0-921E-4E41A6287AD7}.Debug|Any CPU.Build.0 = Debug|Any CPU
		{61F8E670-00E3-41F0-921E-4E41A6287AD7}.Release|Any CPU.ActiveCfg = Release|Any CPU
		{61F8E670-00E3-41F0-921E-4E41A6287AD7}.Release|Any CPU.Build.0 = Release|Any CPU
		{788CF61F-8B0C-4778-9562-F829FF21EC79}.Debug|Any CPU.ActiveCfg = Debug|Any CPU
		{788CF61F-8B0C-4778-9562-F829FF21EC79}.Debug|Any CPU.Build.0 = Debug|Any CPU
		{788CF61F-8B0C-4778-9562-F829FF21EC79}.Release|Any CPU.ActiveCfg = Release|Any CPU
		{788CF61F-8B0C-4778-9562-F829FF21EC79}.Release|Any CPU.Build.0 = Release|Any CPU
	EndGlobalSection
	GlobalSection(SolutionProperties) = preSolution
		HideSolutionNode = FALSE
	EndGlobalSection
	GlobalSection(ExtensibilityGlobals) = postSolution
		SolutionGuid = {FDA4D63D-50CF-4ADD-B78C-B64215B9B171}
	EndGlobalSection
EndGlobal
